
Microsoft Visual Studio Solution File, Format Version 12.00
# Visual Studio Version 17
VisualStudioVersion = 17.12.35707.178 d17.12
MinimumVisualStudioVersion = 10.0.40219.1
Project("{FAE04EC0-301F-11D3-BF4B-00C04F79EFBC}") = "azure-app-sri-vs", "azure-app-sri-vs\azure-app-sri-vs.csproj", "{918A0D75-92C8-468D-B36E-CF0ABB67579E}"
EndProject
Global
	GlobalSection(SolutionConfigurationPlatforms) = preSolution
		Debug|Any CPU = Debug|Any CPU
		Release|Any CPU = Release|Any CPU
	EndGlobalSection
	GlobalSection(ProjectConfigurationPlatforms) = postSolution
		{918A0D75-92C8-468D-B36E-CF0ABB67579E}.Debug|Any CPU.ActiveCfg = Debug|Any CPU
		{918A0D75-92C8-468D-B36E-CF0ABB67579E}.Debug|Any CPU.Build.0 = Debug|Any CPU
		{918A0D75-92C8-468D-B36E-CF0ABB67579E}.Release|Any CPU.ActiveCfg = Release|Any CPU
		{918A0D75-92C8-468D-B36E-CF0ABB67579E}.Release|Any CPU.Build.0 = Release|Any CPU
	EndGlobalSection
	GlobalSection(SolutionProperties) = preSolution
		HideSolutionNode = FALSE
	EndGlobalSection
EndGlobal
